
Microsoft Visual Studio Solution File, Format Version 12.00
# Visual Studio Version 17
VisualStudioVersion = 17.7.34202.233
MinimumVisualStudioVersion = 10.0.40219.1
Project("{9A19103F-16F7-4668-BE54-9A1E7A4F7556}") = "lutoftheque.Entity", "lutoftheque.Entity\lutoftheque.Entity.csproj", "{E94F2CD4-C8A0-4639-BD60-4EE9621C5FC9}"
EndProject
Project("{FAE04EC0-301F-11D3-BF4B-00C04F79EFBC}") = "lutoftheque.api", "lutoftheque.api\lutoftheque.api.csproj", "{C2B97D97-B017-4607-9B7D-CEBDFB540C83}"
EndProject
Global
	GlobalSection(SolutionConfigurationPlatforms) = preSolution
		Debug|Any CPU = Debug|Any CPU
		Release|Any CPU = Release|Any CPU
	EndGlobalSection
	GlobalSection(ProjectConfigurationPlatforms) = postSolution
		{E94F2CD4-C8A0-4639-BD60-4EE9621C5FC9}.Debug|Any CPU.ActiveCfg = Debug|Any CPU
		{E94F2CD4-C8A0-4639-BD60-4EE9621C5FC9}.Debug|Any CPU.Build.0 = Debug|Any CPU
		{E94F2CD4-C8A0-4639-BD60-4EE9621C5FC9}.Release|Any CPU.ActiveCfg = Release|Any CPU
		{E94F2CD4-C8A0-4639-BD60-4EE9621C5FC9}.Release|Any CPU.Build.0 = Release|Any CPU
		{C2B97D97-B017-4607-9B7D-CEBDFB540C83}.Debug|Any CPU.ActiveCfg = Debug|Any CPU
		{C2B97D97-B017-4607-9B7D-CEBDFB540C83}.Debug|Any CPU.Build.0 = Debug|Any CPU
		{C2B97D97-B017-4607-9B7D-CEBDFB540C83}.Release|Any CPU.ActiveCfg = Release|Any CPU
		{C2B97D97-B017-4607-9B7D-CEBDFB540C83}.Release|Any CPU.Build.0 = Release|Any CPU
	EndGlobalSection
	GlobalSection(SolutionProperties) = preSolution
		HideSolutionNode = FALSE
	EndGlobalSection
	GlobalSection(ExtensibilityGlobals) = postSolution
		SolutionGuid = {51DA4844-6F2A-426F-81DE-435AE5608E53}
	EndGlobalSection
EndGlobal
